
Microsoft Visual Studio Solution File, Format Version 12.00
# Visual Studio Version 16
VisualStudioVersion = 16.0.28621.142
MinimumVisualStudioVersion = 10.0.40219.1
Project("{F184B08F-C81C-45F6-A57F-5ABD9991F28F}") = "WindowsApp1", "WindowsApp1.vbproj", "{B1730F4E-4403-4D40-AB5A-D3D5A191AB48}"
EndProject
Global
	GlobalSection(SolutionConfigurationPlatforms) = preSolution
		Debug|Any CPU = Debug|Any CPU
		Release|Any CPU = Release|Any CPU
	EndGlobalSection
	GlobalSection(ProjectConfigurationPlatforms) = postSolution
		{B1730F4E-4403-4D40-AB5A-D3D5A191AB48}.Debug|Any CPU.ActiveCfg = Debug|Any CPU
		{B1730F4E-4403-4D40-AB5A-D3D5A191AB48}.Debug|Any CPU.Build.0 = Debug|Any CPU
		{B1730F4E-4403-4D40-AB5A-D3D5A191AB48}.Release|Any CPU.ActiveCfg = Release|Any CPU
		{B1730F4E-4403-4D40-AB5A-D3D5A191AB48}.Release|Any CPU.Build.0 = Release|Any CPU
	EndGlobalSection
	GlobalSection(SolutionProperties) = preSolution
		HideSolutionNode = FALSE
	EndGlobalSection
	GlobalSection(ExtensibilityGlobals) = postSolution
		SolutionGuid = {EB57232C-A432-434A-91BE-57FDF84022FA}
	EndGlobalSection
EndGlobal
